<?xml version="1.0" encoding="utf-8"?>
<Project ToolsVersion="4.0" xmlns="http://schemas.microsoft.com/developer/msbuild/2003">
  <ItemGroup>
    <Filter Include="Source Files">
      <UniqueIdentifier>{4FC737F1-C7A5-4376-A066-2A32D752A2FF}</UniqueIdentifier>
      <Extensions>cpp;c;cc;cxx;def;odl;idl;hpj;bat;asm;asmx</Extensions>
    </Filter>
    <Filter Include="Header Files">
      <UniqueIdentifier>{93995380-89BD-4b04-88EB-625FBE52EBFB}</UniqueIdentifier>
      <Extensions>h;hh;hpp;hxx;hm;inl;inc;xsd</Extensions>
    </Filter>
    <Filter Include="Resource Files">
      <UniqueIdentifier>{67DA6AB6-F800-4c08-8B7A-83BB121AAD01}</UniqueIdentifier>
      <Extensions>rc;ico;cur;bmp;dlg;rc2;rct;bin;rgs;gif;jpg;jpeg;jpe;resx;tiff;tif;png;wav;mfcribbon-ms</Extensions>
    </Filter>
  </ItemGroup>
  <ItemGroup>
    <Text Include="ReadMe.txt" />
  </ItemGroup>
  <ItemGroup>
    <ClInclude Include="include\lzsui\lui-application.h">
      <Filter>Header Files</Filter>
    </ClInclude>
    <ClInclude Include="include\lzsui\lui-library.h">
      <Filter>Header Files</Filter>
    </ClInclude>
    <ClInclude Include="include\lzsui\lui-white-window.h">
      <Filter>Header Files</Filter>
    </ClInclude>
    <ClInclude Include="include\lzsui\stdafx.h">
      <Filter>Header Files</Filter>
    </ClInclude>
    <ClInclude Include="include\lzsui\lui-window.h">
      <Filter>Header Files</Filter>
    </ClInclude>
    <ClInclude Include="utility\lzs-debug.hpp">
      <Filter>Header Files</Filter>
    </ClInclude>
    <ClInclude Include="include\lzsui\lui-view.h">
      <Filter>Header Files</Filter>
    </ClInclude>
    <ClInclude Include="core\l-bitmap.h">
      <Filter>Header Files</Filter>
    </ClInclude>
    <ClInclude Include="core\l-gdi-canvas.h">
      <Filter>Header Files</Filter>
    </ClInclude>
    <ClInclude Include="core\l-window-canvas.h">
      <Filter>Header Files</Filter>
    </ClInclude>
    <ClInclude Include="core\li-canvas.h">
      <Filter>Header Files</Filter>
    </ClInclude>
    <ClInclude Include="utility\lzs-file.hpp">
      <Filter>Header Files</Filter>
    </ClInclude>
    <ClInclude Include="utility\xml\tinyxml2.h">
      <Filter>Header Files</Filter>
    </ClInclude>
    <ClInclude Include="utility\png\fluid.h">
      <Filter>Header Files</Filter>
    </ClInclude>
    <ClInclude Include="include\lzsui\l-common.h">
      <Filter>Header Files</Filter>
    </ClInclude>
    <ClInclude Include="include\lzsui\lui-view-controller.h">
      <Filter>Header Files</Filter>
    </ClInclude>
    <ClInclude Include="include\lzsui\lui-image-view.h">
      <Filter>Header Files</Filter>
    </ClInclude>
    <ClInclude Include="include\lzsui\l-image.h">
      <Filter>Header Files</Filter>
    </ClInclude>
    <ClInclude Include="core\l-render-factory.h">
      <Filter>Header Files</Filter>
    </ClInclude>
  </ItemGroup>
  <ItemGroup>
    <ClCompile Include="core\lui-application.cpp">
      <Filter>Source Files</Filter>
    </ClCompile>
    <ClCompile Include="core\lui-window.cpp">
      <Filter>Source Files</Filter>
    </ClCompile>
    <ClCompile Include="core\stdafx.cpp">
      <Filter>Source Files</Filter>
    </ClCompile>
    <ClCompile Include="core\l-bitmap.cpp">
      <Filter>Source Files</Filter>
    </ClCompile>
    <ClCompile Include="core\l-gdi-canvas.cpp">
      <Filter>Source Files</Filter>
    </ClCompile>
    <ClCompile Include="core\l-window-canvas.cpp">
      <Filter>Source Files</Filter>
    </ClCompile>
    <ClCompile Include="utility\xml\tinyxml2.cpp">
      <Filter>Source Files</Filter>
    </ClCompile>
    <ClCompile Include="utility\png\fluid.c">
      <Filter>Source Files</Filter>
    </ClCompile>
    <ClCompile Include="core\lui-view-controller.cpp">
      <Filter>Source Files</Filter>
    </ClCompile>
    <ClCompile Include="core\lui-view.cpp">
      <Filter>Source Files</Filter>
    </ClCompile>
    <ClCompile Include="core\lui-image-view.cpp">
      <Filter>Source Files</Filter>
    </ClCompile>
    <ClCompile Include="core\l-image.cpp">
      <Filter>Source Files</Filter>
    </ClCompile>
    <ClCompile Include="core\l-render-factory.cpp">
      <Filter>Source Files</Filter>
    </ClCompile>
  </ItemGroup>
</Project>